
Microsoft Visual Studio Solution File, Format Version 12.00
# Visual Studio Express 14 for Windows Desktop
VisualStudioVersion = 14.0.23107.0
MinimumVisualStudioVersion = 10.0.40219.1
Project("{8BC9CEB8-8B4A-11D0-8D11-00A0C91BC942}") = "driver", "src\driver\driver.vcxproj", "{36E7CC36-C910-4DE3-B26B-60C0B9C82D2B}"
EndProject
Project("{8BC9CEB8-8B4A-11D0-8D11-00A0C91BC942}") = "util", "src\util\util.vcxproj", "{5C0DB14F-4B61-4F3E-8BDA-736DD04F15AD}"
EndProject
Project("{888888A0-9F3D-457C-B088-3A5042F75D52}") = "PythonDriver", "src\PythonDriver\PythonDriver.pyproj", "{14771E8F-2591-4725-B908-E5AC49282352}"
EndProject
Global
	GlobalSection(SolutionConfigurationPlatforms) = preSolution
		Debug|Any CPU = Debug|Any CPU
		Debug|x64 = Debug|x64
		Debug|x86 = Debug|x86
		Release|Any CPU = Release|Any CPU
		Release|x64 = Release|x64
		Release|x86 = Release|x86
	EndGlobalSection
	GlobalSection(ProjectConfigurationPlatforms) = postSolution
		{36E7CC36-C910-4DE3-B26B-60C0B9C82D2B}.Debug|Any CPU.ActiveCfg = Debug|Win32
		{36E7CC36-C910-4DE3-B26B-60C0B9C82D2B}.Debug|x64.ActiveCfg = Debug|x64
		{36E7CC36-C910-4DE3-B26B-60C0B9C82D2B}.Debug|x64.Build.0 = Debug|x64
		{36E7CC36-C910-4DE3-B26B-60C0B9C82D2B}.Debug|x86.ActiveCfg = Debug|Win32
		{36E7CC36-C910-4DE3-B26B-60C0B9C82D2B}.Debug|x86.Build.0 = Debug|Win32
		{36E7CC36-C910-4DE3-B26B-60C0B9C82D2B}.Release|Any CPU.ActiveCfg = Release|Win32
		{36E7CC36-C910-4DE3-B26B-60C0B9C82D2B}.Release|x64.ActiveCfg = Release|x64
		{36E7CC36-C910-4DE3-B26B-60C0B9C82D2B}.Release|x64.Build.0 = Release|x64
		{36E7CC36-C910-4DE3-B26B-60C0B9C82D2B}.Release|x86.ActiveCfg = Release|Win32
		{36E7CC36-C910-4DE3-B26B-60C0B9C82D2B}.Release|x86.Build.0 = Release|Win32
		{5C0DB14F-4B61-4F3E-8BDA-736DD04F15AD}.Debug|Any CPU.ActiveCfg = Debug|Win32
		{5C0DB14F-4B61-4F3E-8BDA-736DD04F15AD}.Debug|x64.ActiveCfg = Debug|x64
		{5C0DB14F-4B61-4F3E-8BDA-736DD04F15AD}.Debug|x64.Build.0 = Debug|x64
		{5C0DB14F-4B61-4F3E-8BDA-736DD04F15AD}.Debug|x86.ActiveCfg = Debug|Win32
		{5C0DB14F-4B61-4F3E-8BDA-736DD04F15AD}.Debug|x86.Build.0 = Debug|Win32
		{5C0DB14F-4B61-4F3E-8BDA-736DD04F15AD}.Release|Any CPU.ActiveCfg = Release|Win32
		{5C0DB14F-4B61-4F3E-8BDA-736DD04F15AD}.Release|x64.ActiveCfg = Release|x64
		{5C0DB14F-4B61-4F3E-8BDA-736DD04F15AD}.Release|x64.Build.0 = Release|x64
		{5C0DB14F-4B61-4F3E-8BDA-736DD04F15AD}.Release|x86.ActiveCfg = Release|Win32
		{5C0DB14F-4B61-4F3E-8BDA-736DD04F15AD}.Release|x86.Build.0 = Release|Win32
		{14771E8F-2591-4725-B908-E5AC49282352}.Debug|Any CPU.ActiveCfg = Debug|Any CPU
		{14771E8F-2591-4725-B908-E5AC49282352}.Debug|x64.ActiveCfg = Debug|Any CPU
		{14771E8F-2591-4725-B908-E5AC49282352}.Debug|x86.ActiveCfg = Debug|Any CPU
		{14771E8F-2591-4725-B908-E5AC49282352}.Release|Any CPU.ActiveCfg = Release|Any CPU
		{14771E8F-2591-4725-B908-E5AC49282352}.Release|x64.ActiveCfg = Release|Any CPU
		{14771E8F-2591-4725-B908-E5AC49282352}.Release|x86.ActiveCfg = Release|Any CPU
	EndGlobalSection
	GlobalSection(SolutionProperties) = preSolution
		HideSolutionNode = FALSE
	EndGlobalSection
EndGlobal
